// !$*UTF8*$!
{
	archiveVersion = 1;
	classes = {
	};
	objectVersion = 46;
	objects = {

/* Begin PBXBuildFile section */
		413925551C0EB5BF00485E73 /* libGLEW.1.13.0.dylib in Frameworks */ = {isa = PBXBuildFile; fileRef = 413925541C0EB5BF00485E73 /* libGLEW.1.13.0.dylib */; };
		4139255A1C0F6DC000485E73 /* Tank.cpp in Sources */ = {isa = PBXBuildFile; fileRef = 413925591C0F6DC000485E73 /* Tank.cpp */; };
		4139255D1C0F761A00485E73 /* Light.cpp in Sources */ = {isa = PBXBuildFile; fileRef = 4139255B1C0F761A00485E73 /* Light.cpp */; };
		413925621C0FC35E00485E73 /* Bullet.cpp in Sources */ = {isa = PBXBuildFile; fileRef = 4139255E1C0FC35E00485E73 /* Bullet.cpp */; };
		413925631C0FC35E00485E73 /* Drawable.cpp in Sources */ = {isa = PBXBuildFile; fileRef = 413925601C0FC35E00485E73 /* Drawable.cpp */; };
		41559AB21C0572BC00648F2C /* OpenGL.framework in Frameworks */ = {isa = PBXBuildFile; fileRef = 41559AB11C0572BC00648F2C /* OpenGL.framework */; };
		41559AB41C0572F700648F2C /* libglfw3.3.1.dylib in Frameworks */ = {isa = PBXBuildFile; fileRef = 41559AB31C0572F700648F2C /* libglfw3.3.1.dylib */; };
		41559ABF1C05792000648F2C /* SDL2.framework in Frameworks */ = {isa = PBXBuildFile; fileRef = 41559ABE1C05792000648F2C /* SDL2.framework */; };
		41559AC81C0B96B500648F2C /* Game.cpp in Sources */ = {isa = PBXBuildFile; fileRef = 41559AC01C0B96B500648F2C /* Game.cpp */; };
		41559AC91C0B96B500648F2C /* Resource_manager.cpp in Sources */ = {isa = PBXBuildFile; fileRef = 41559AC21C0B96B500648F2C /* Resource_manager.cpp */; };
		41559ACA1C0B96B500648F2C /* Shader.cpp in Sources */ = {isa = PBXBuildFile; fileRef = 41559AC41C0B96B500648F2C /* Shader.cpp */; };
		41559ACB1C0B96B500648F2C /* Texture.cpp in Sources */ = {isa = PBXBuildFile; fileRef = 41559AC61C0B96B500648F2C /* Texture.cpp */; };
		41559ACD1C0BA45500648F2C /* libSOIL.1.07.dylib in Frameworks */ = {isa = PBXBuildFile; fileRef = 41559ACC1C0BA45500648F2C /* libSOIL.1.07.dylib */; };
		41559ACF1C0BA54500648F2C /* main.cpp in Sources */ = {isa = PBXBuildFile; fileRef = 41559ACE1C0BA54500648F2C /* main.cpp */; };
		41559ADF1C0BC0ED00648F2C /* libassimp.3.1.1.dylib in Frameworks */ = {isa = PBXBuildFile; fileRef = 41559ADE1C0BC0ED00648F2C /* libassimp.3.1.1.dylib */; };
		41559AE11C0BC12100648F2C /* obj in Resources */ = {isa = PBXBuildFile; fileRef = 41559AE01C0BC12100648F2C /* obj */; };
		41559AE31C0BC23900648F2C /* shader in Resources */ = {isa = PBXBuildFile; fileRef = 41559AE21C0BC23900648F2C /* shader */; };
		41BA478F1C10D5DF009A0D34 /* back.png in Resources */ = {isa = PBXBuildFile; fileRef = 41BA47891C10D5DF009A0D34 /* back.png */; };
		41BA47901C10D5DF009A0D34 /* down.png in Resources */ = {isa = PBXBuildFile; fileRef = 41BA478A1C10D5DF009A0D34 /* down.png */; };
		41BA47911C10D5DF009A0D34 /* front.png in Resources */ = {isa = PBXBuildFile; fileRef = 41BA478B1C10D5DF009A0D34 /* front.png */; };
		41BA47921C10D5DF009A0D34 /* left.png in Resources */ = {isa = PBXBuildFile; fileRef = 41BA478C1C10D5DF009A0D34 /* left.png */; };
		41BA47931C10D5DF009A0D34 /* right.png in Resources */ = {isa = PBXBuildFile; fileRef = 41BA478D1C10D5DF009A0D34 /* right.png */; };
		41BA47941C10D5DF009A0D34 /* up.png in Resources */ = {isa = PBXBuildFile; fileRef = 41BA478E1C10D5DF009A0D34 /* up.png */; };
		41BA47971C10D6F5009A0D34 /* Skybox.cpp in Sources */ = {isa = PBXBuildFile; fileRef = 41BA47951C10D6F5009A0D34 /* Skybox.cpp */; };
		41FD96901C0C1A6F0025D456 /* Camera.cpp in Sources */ = {isa = PBXBuildFile; fileRef = 41FD968F1C0C1A6F0025D456 /* Camera.cpp */; };
		41FD96921C0C1D970025D456 /* Mesh.cpp in Sources */ = {isa = PBXBuildFile; fileRef = 41FD96911C0C1D970025D456 /* Mesh.cpp */; };
		41FD96941C0C1EA80025D456 /* Model.cpp in Sources */ = {isa = PBXBuildFile; fileRef = 41FD96931C0C1EA70025D456 /* Model.cpp */; };
		790F1E9E1C102BDB008DE3AC /* PPM in Resources */ = {isa = PBXBuildFile; fileRef = 790F1E9D1C102BDB008DE3AC /* PPM */; };
		790F1EA11C102BE5008DE3AC /* HeightMap.cpp in Sources */ = {isa = PBXBuildFile; fileRef = 790F1E9F1C102BE5008DE3AC /* HeightMap.cpp */; };
/* End PBXBuildFile section */

/* Begin PBXCopyFilesBuildPhase section */
		41559ABA1C05742300648F2C /* Copy Files */ = {
			isa = PBXCopyFilesBuildPhase;
			buildActionMask = 2147483647;
			dstPath = "";
			dstSubfolderSpec = 7;
			files = (
			);
			name = "Copy Files";
			runOnlyForDeploymentPostprocessing = 0;
		};
/* End PBXCopyFilesBuildPhase section */

/* Begin PBXFileReference section */
		413925541C0EB5BF00485E73 /* libGLEW.1.13.0.dylib */ = {isa = PBXFileReference; lastKnownFileType = "compiled.mach-o.dylib"; name = libGLEW.1.13.0.dylib; path = ../../../../../../../../usr/local/Cellar/glew/1.13.0/lib/libGLEW.1.13.0.dylib; sourceTree = "<group>"; };
		413925581C0F6DAC00485E73 /* Tank.h */ = {isa = PBXFileReference; fileEncoding = 4; lastKnownFileType = sourcecode.c.h; path = Tank.h; sourceTree = "<group>"; };
		413925591C0F6DC000485E73 /* Tank.cpp */ = {isa = PBXFileReference; fileEncoding = 4; lastKnownFileType = sourcecode.cpp.cpp; path = Tank.cpp; sourceTree = "<group>"; };
		4139255B1C0F761A00485E73 /* Light.cpp */ = {isa = PBXFileReference; fileEncoding = 4; lastKnownFileType = sourcecode.cpp.cpp; path = Light.cpp; sourceTree = "<group>"; };
		4139255C1C0F761A00485E73 /* Light.h */ = {isa = PBXFileReference; fileEncoding = 4; lastKnownFileType = sourcecode.c.h; path = Light.h; sourceTree = "<group>"; };
		4139255E1C0FC35E00485E73 /* Bullet.cpp */ = {isa = PBXFileReference; fileEncoding = 4; lastKnownFileType = sourcecode.cpp.cpp; path = Bullet.cpp; sourceTree = "<group>"; };
		4139255F1C0FC35E00485E73 /* Bullet.h */ = {isa = PBXFileReference; fileEncoding = 4; lastKnownFileType = sourcecode.c.h; path = Bullet.h; sourceTree = "<group>"; };
		413925601C0FC35E00485E73 /* Drawable.cpp */ = {isa = PBXFileReference; fileEncoding = 4; lastKnownFileType = sourcecode.cpp.cpp; path = Drawable.cpp; sourceTree = "<group>"; };
		413925611C0FC35E00485E73 /* Drawable.h */ = {isa = PBXFileReference; fileEncoding = 4; lastKnownFileType = sourcecode.c.h; path = Drawable.h; sourceTree = "<group>"; };
		41559A9A1C056D6400648F2C /* TankBattle.app */ = {isa = PBXFileReference; explicitFileType = wrapper.application; includeInIndex = 0; path = TankBattle.app; sourceTree = BUILT_PRODUCTS_DIR; };
		41559AB11C0572BC00648F2C /* OpenGL.framework */ = {isa = PBXFileReference; lastKnownFileType = wrapper.framework; name = OpenGL.framework; path = System/Library/Frameworks/OpenGL.framework; sourceTree = SDKROOT; };
		41559AB31C0572F700648F2C /* libglfw3.3.1.dylib */ = {isa = PBXFileReference; lastKnownFileType = "compiled.mach-o.dylib"; name = libglfw3.3.1.dylib; path = /usr/local/Cellar/glfw3/3.1.2/lib/libglfw3.3.1.dylib; sourceTree = "<absolute>"; };
		41559ABE1C05792000648F2C /* SDL2.framework */ = {isa = PBXFileReference; lastKnownFileType = wrapper.framework; name = SDL2.framework; path = ../../../../../../../../Library/Frameworks/SDL2.framework; sourceTree = "<group>"; };
		41559AC01C0B96B500648F2C /* Game.cpp */ = {isa = PBXFileReference; fileEncoding = 4; lastKnownFileType = sourcecode.cpp.cpp; path = Game.cpp; sourceTree = "<group>"; };
		41559AC11C0B96B500648F2C /* Game.h */ = {isa = PBXFileReference; fileEncoding = 4; lastKnownFileType = sourcecode.c.h; path = Game.h; sourceTree = "<group>"; };
		41559AC21C0B96B500648F2C /* Resource_manager.cpp */ = {isa = PBXFileReference; fileEncoding = 4; lastKnownFileType = sourcecode.cpp.cpp; path = Resource_manager.cpp; sourceTree = "<group>"; };
		41559AC31C0B96B500648F2C /* Resource_manager.h */ = {isa = PBXFileReference; fileEncoding = 4; lastKnownFileType = sourcecode.c.h; path = Resource_manager.h; sourceTree = "<group>"; };
		41559AC41C0B96B500648F2C /* Shader.cpp */ = {isa = PBXFileReference; fileEncoding = 4; lastKnownFileType = sourcecode.cpp.cpp; path = Shader.cpp; sourceTree = "<group>"; };
		41559AC51C0B96B500648F2C /* Shader.h */ = {isa = PBXFileReference; fileEncoding = 4; lastKnownFileType = sourcecode.c.h; path = Shader.h; sourceTree = "<group>"; };
		41559AC61C0B96B500648F2C /* Texture.cpp */ = {isa = PBXFileReference; fileEncoding = 4; lastKnownFileType = sourcecode.cpp.cpp; path = Texture.cpp; sourceTree = "<group>"; };
		41559AC71C0B96B500648F2C /* Texture.h */ = {isa = PBXFileReference; fileEncoding = 4; lastKnownFileType = sourcecode.c.h; path = Texture.h; sourceTree = "<group>"; };
		41559ACC1C0BA45500648F2C /* libSOIL.1.07.dylib */ = {isa = PBXFileReference; lastKnownFileType = "compiled.mach-o.dylib"; name = libSOIL.1.07.dylib; path = ../../../../../../../../usr/local/Cellar/libsoil/1.07/lib/libSOIL.1.07.dylib; sourceTree = "<group>"; };
		41559ACE1C0BA54500648F2C /* main.cpp */ = {isa = PBXFileReference; fileEncoding = 4; lastKnownFileType = sourcecode.cpp.cpp; path = main.cpp; sourceTree = "<group>"; };
		41559ADB1C0BBC0000648F2C /* Mesh.h */ = {isa = PBXFileReference; lastKnownFileType = sourcecode.c.h; path = Mesh.h; sourceTree = "<group>"; };
		41559ADC1C0BBC1A00648F2C /* Model.h */ = {isa = PBXFileReference; fileEncoding = 4; lastKnownFileType = sourcecode.c.h; path = Model.h; sourceTree = "<group>"; };
		41559ADD1C0BBFD900648F2C /* Camera.h */ = {isa = PBXFileReference; fileEncoding = 4; lastKnownFileType = sourcecode.c.h; path = Camera.h; sourceTree = "<group>"; };
		41559ADE1C0BC0ED00648F2C /* libassimp.3.1.1.dylib */ = {isa = PBXFileReference; lastKnownFileType = "compiled.mach-o.dylib"; name = libassimp.3.1.1.dylib; path = ../../../../../../../../usr/local/Cellar/assimp/3.1.1/lib/libassimp.3.1.1.dylib; sourceTree = "<group>"; };
		41559AE01C0BC12100648F2C /* obj */ = {isa = PBXFileReference; lastKnownFileType = folder; path = obj; sourceTree = "<group>"; };
		41559AE21C0BC23900648F2C /* shader */ = {isa = PBXFileReference; lastKnownFileType = folder; path = shader; sourceTree = "<group>"; };
		41BA47891C10D5DF009A0D34 /* back.png */ = {isa = PBXFileReference; lastKnownFileType = image.png; path = back.png; sourceTree = "<group>"; };
		41BA478A1C10D5DF009A0D34 /* down.png */ = {isa = PBXFileReference; lastKnownFileType = image.png; path = down.png; sourceTree = "<group>"; };
		41BA478B1C10D5DF009A0D34 /* front.png */ = {isa = PBXFileReference; lastKnownFileType = image.png; path = front.png; sourceTree = "<group>"; };
		41BA478C1C10D5DF009A0D34 /* left.png */ = {isa = PBXFileReference; lastKnownFileType = image.png; path = left.png; sourceTree = "<group>"; };
		41BA478D1C10D5DF009A0D34 /* right.png */ = {isa = PBXFileReference; lastKnownFileType = image.png; path = right.png; sourceTree = "<group>"; };
		41BA478E1C10D5DF009A0D34 /* up.png */ = {isa = PBXFileReference; lastKnownFileType = image.png; path = up.png; sourceTree = "<group>"; };
		41BA47951C10D6F5009A0D34 /* Skybox.cpp */ = {isa = PBXFileReference; fileEncoding = 4; lastKnownFileType = sourcecode.cpp.cpp; path = Skybox.cpp; sourceTree = "<group>"; };
		41BA47961C10D6F5009A0D34 /* Skybox.h */ = {isa = PBXFileReference; fileEncoding = 4; lastKnownFileType = sourcecode.c.h; path = Skybox.h; sourceTree = "<group>"; };
		41FD968F1C0C1A6F0025D456 /* Camera.cpp */ = {isa = PBXFileReference; fileEncoding = 4; lastKnownFileType = sourcecode.cpp.cpp; path = Camera.cpp; sourceTree = "<group>"; };
		41FD96911C0C1D970025D456 /* Mesh.cpp */ = {isa = PBXFileReference; fileEncoding = 4; lastKnownFileType = sourcecode.cpp.cpp; path = Mesh.cpp; sourceTree = "<group>"; };
		41FD96931C0C1EA70025D456 /* Model.cpp */ = {isa = PBXFileReference; fileEncoding = 4; lastKnownFileType = sourcecode.cpp.cpp; path = Model.cpp; sourceTree = "<group>"; };
		790F1E9D1C102BDB008DE3AC /* PPM */ = {isa = PBXFileReference; lastKnownFileType = folder; path = PPM; sourceTree = "<group>"; };
		790F1E9F1C102BE5008DE3AC /* HeightMap.cpp */ = {isa = PBXFileReference; fileEncoding = 4; lastKnownFileType = sourcecode.cpp.cpp; path = HeightMap.cpp; sourceTree = "<group>"; };
		790F1EA01C102BE5008DE3AC /* HeightMap.h */ = {isa = PBXFileReference; fileEncoding = 4; lastKnownFileType = sourcecode.c.h; path = HeightMap.h; sourceTree = "<group>"; };
/* End PBXFileReference section */

/* Begin PBXFrameworksBuildPhase section */
		41559A971C056D6400648F2C /* Frameworks */ = {
			isa = PBXFrameworksBuildPhase;
			buildActionMask = 2147483647;
			files = (
				413925551C0EB5BF00485E73 /* libGLEW.1.13.0.dylib in Frameworks */,
				41559ADF1C0BC0ED00648F2C /* libassimp.3.1.1.dylib in Frameworks */,
				41559ACD1C0BA45500648F2C /* libSOIL.1.07.dylib in Frameworks */,
				41559ABF1C05792000648F2C /* SDL2.framework in Frameworks */,
				41559AB41C0572F700648F2C /* libglfw3.3.1.dylib in Frameworks */,
				41559AB21C0572BC00648F2C /* OpenGL.framework in Frameworks */,
			);
			runOnlyForDeploymentPostprocessing = 0;
		};
/* End PBXFrameworksBuildPhase section */

/* Begin PBXGroup section */
		41559A911C056D6400648F2C = {
			isa = PBXGroup;
			children = (
				41BA47881C10D5DF009A0D34 /* Skybox */,
				790F1E9D1C102BDB008DE3AC /* PPM */,
				41559AE21C0BC23900648F2C /* shader */,
				41559AE01C0BC12100648F2C /* obj */,
				41559ADA1C0BBB8A00648F2C /* Src */,
				41559AB71C05732800648F2C /* Frameworks */,
				41559A9B1C056D6400648F2C /* Products */,
			);
			sourceTree = "<group>";
		};
		41559A9B1C056D6400648F2C /* Products */ = {
			isa = PBXGroup;
			children = (
				41559A9A1C056D6400648F2C /* TankBattle.app */,
			);
			name = Products;
			sourceTree = "<group>";
		};
		41559AB71C05732800648F2C /* Frameworks */ = {
			isa = PBXGroup;
			children = (
				413925541C0EB5BF00485E73 /* libGLEW.1.13.0.dylib */,
				41559ADE1C0BC0ED00648F2C /* libassimp.3.1.1.dylib */,
				41559ACC1C0BA45500648F2C /* libSOIL.1.07.dylib */,
				41559ABE1C05792000648F2C /* SDL2.framework */,
				41559AB11C0572BC00648F2C /* OpenGL.framework */,
				41559AB31C0572F700648F2C /* libglfw3.3.1.dylib */,
			);
			name = Frameworks;
			sourceTree = "<group>";
		};
		41559ADA1C0BBB8A00648F2C /* Src */ = {
			isa = PBXGroup;
			children = (
				41BA47951C10D6F5009A0D34 /* Skybox.cpp */,
				41BA47961C10D6F5009A0D34 /* Skybox.h */,
				790F1E9F1C102BE5008DE3AC /* HeightMap.cpp */,
				790F1EA01C102BE5008DE3AC /* HeightMap.h */,
				4139255E1C0FC35E00485E73 /* Bullet.cpp */,
				4139255F1C0FC35E00485E73 /* Bullet.h */,
				413925601C0FC35E00485E73 /* Drawable.cpp */,
				413925611C0FC35E00485E73 /* Drawable.h */,
				4139255B1C0F761A00485E73 /* Light.cpp */,
				4139255C1C0F761A00485E73 /* Light.h */,
				41559AC01C0B96B500648F2C /* Game.cpp */,
				41559AC11C0B96B500648F2C /* Game.h */,
				41559AC21C0B96B500648F2C /* Resource_manager.cpp */,
				41559AC31C0B96B500648F2C /* Resource_manager.h */,
				41559AC41C0B96B500648F2C /* Shader.cpp */,
				41559AC51C0B96B500648F2C /* Shader.h */,
				41559AC61C0B96B500648F2C /* Texture.cpp */,
				41559AC71C0B96B500648F2C /* Texture.h */,
				41559ACE1C0BA54500648F2C /* main.cpp */,
				41559ADC1C0BBC1A00648F2C /* Model.h */,
				41FD96931C0C1EA70025D456 /* Model.cpp */,
				41559ADD1C0BBFD900648F2C /* Camera.h */,
				41FD968F1C0C1A6F0025D456 /* Camera.cpp */,
				41559ADB1C0BBC0000648F2C /* Mesh.h */,
				41FD96911C0C1D970025D456 /* Mesh.cpp */,
				413925581C0F6DAC00485E73 /* Tank.h */,
				413925591C0F6DC000485E73 /* Tank.cpp */,
			);
			name = Src;
			sourceTree = "<group>";
		};
		41BA47881C10D5DF009A0D34 /* Skybox */ = {
			isa = PBXGroup;
			children = (
				41BA47891C10D5DF009A0D34 /* back.png */,
				41BA478A1C10D5DF009A0D34 /* down.png */,
				41BA478B1C10D5DF009A0D34 /* front.png */,
				41BA478C1C10D5DF009A0D34 /* left.png */,
				41BA478D1C10D5DF009A0D34 /* right.png */,
				41BA478E1C10D5DF009A0D34 /* up.png */,
			);
			path = Skybox;
			sourceTree = "<group>";
		};
/* End PBXGroup section */

/* Begin PBXNativeTarget section */
		41559A991C056D6400648F2C /* TankBattle */ = {
			isa = PBXNativeTarget;
			buildConfigurationList = 41559AAB1C056D6400648F2C /* Build configuration list for PBXNativeTarget "TankBattle" */;
			buildPhases = (
				41559A961C056D6400648F2C /* Sources */,
				41559A971C056D6400648F2C /* Frameworks */,
				41559A981C056D6400648F2C /* Resources */,
				41559ABA1C05742300648F2C /* Copy Files */,
			);
			buildRules = (
			);
			dependencies = (
			);
			name = TankBattle;
			productName = TankBattle;
			productReference = 41559A9A1C056D6400648F2C /* TankBattle.app */;
			productType = "com.apple.product-type.application";
		};
/* End PBXNativeTarget section */

/* Begin PBXProject section */
		41559A921C056D6400648F2C /* Project object */ = {
			isa = PBXProject;
			attributes = {
				LastUpgradeCheck = 0710;
				ORGANIZATIONNAME = SUTeam;
				TargetAttributes = {
					41559A991C056D6400648F2C = {
						CreatedOnToolsVersion = 7.1.1;
					};
				};
			};
			buildConfigurationList = 41559A951C056D6400648F2C /* Build configuration list for PBXProject "TankBattle" */;
			compatibilityVersion = "Xcode 3.2";
			developmentRegion = English;
			hasScannedForEncodings = 0;
			knownRegions = (
				en,
				Base,
			);
			mainGroup = 41559A911C056D6400648F2C;
			productRefGroup = 41559A9B1C056D6400648F2C /* Products */;
			projectDirPath = "";
			projectRoot = "";
			targets = (
				41559A991C056D6400648F2C /* TankBattle */,
			);
		};
/* End PBXProject section */

/* Begin PBXResourcesBuildPhase section */
		41559A981C056D6400648F2C /* Resources */ = {
			isa = PBXResourcesBuildPhase;
			buildActionMask = 2147483647;
			files = (
				41BA478F1C10D5DF009A0D34 /* back.png in Resources */,
				41BA47901C10D5DF009A0D34 /* down.png in Resources */,
				41BA47931C10D5DF009A0D34 /* right.png in Resources */,
				790F1E9E1C102BDB008DE3AC /* PPM in Resources */,
				41559AE11C0BC12100648F2C /* obj in Resources */,
				41559AE31C0BC23900648F2C /* shader in Resources */,
				41BA47941C10D5DF009A0D34 /* up.png in Resources */,
				41BA47921C10D5DF009A0D34 /* left.png in Resources */,
				41BA47911C10D5DF009A0D34 /* front.png in Resources */,
			);
			runOnlyForDeploymentPostprocessing = 0;
		};
/* End PBXResourcesBuildPhase section */

/* Begin PBXSourcesBuildPhase section */
		41559A961C056D6400648F2C /* Sources */ = {
			isa = PBXSourcesBuildPhase;
			buildActionMask = 2147483647;
			files = (
				4139255D1C0F761A00485E73 /* Light.cpp in Sources */,
				4139255A1C0F6DC000485E73 /* Tank.cpp in Sources */,
				41559AC81C0B96B500648F2C /* Game.cpp in Sources */,
				413925631C0FC35E00485E73 /* Drawable.cpp in Sources */,
				41559ACF1C0BA54500648F2C /* main.cpp in Sources */,
				41559ACA1C0B96B500648F2C /* Shader.cpp in Sources */,
				41FD96941C0C1EA80025D456 /* Model.cpp in Sources */,
				41FD96921C0C1D970025D456 /* Mesh.cpp in Sources */,
				413925621C0FC35E00485E73 /* Bullet.cpp in Sources */,
				41BA47971C10D6F5009A0D34 /* Skybox.cpp in Sources */,
				41559AC91C0B96B500648F2C /* Resource_manager.cpp in Sources */,
				41FD96901C0C1A6F0025D456 /* Camera.cpp in Sources */,
				41559ACB1C0B96B500648F2C /* Texture.cpp in Sources */,
				790F1EA11C102BE5008DE3AC /* HeightMap.cpp in Sources */,
			);
			runOnlyForDeploymentPostprocessing = 0;
		};
/* End PBXSourcesBuildPhase section */

/* Begin XCBuildConfiguration section */
		41559AA91C056D6400648F2C /* Debug */ = {
			isa = XCBuildConfiguration;
			buildSettings = {
				ALWAYS_SEARCH_USER_PATHS = NO;
				CLANG_CXX_LANGUAGE_STANDARD = "gnu++0x";
				CLANG_CXX_LIBRARY = "libc++";
				CLANG_ENABLE_MODULES = YES;
				CLANG_ENABLE_OBJC_ARC = YES;
				CLANG_WARN_BOOL_CONVERSION = YES;
				CLANG_WARN_CONSTANT_CONVERSION = YES;
				CLANG_WARN_DIRECT_OBJC_ISA_USAGE = YES_ERROR;
				CLANG_WARN_EMPTY_BODY = YES;
				CLANG_WARN_ENUM_CONVERSION = YES;
				CLANG_WARN_INT_CONVERSION = YES;
				CLANG_WARN_OBJC_ROOT_CLASS = YES_ERROR;
				CLANG_WARN_UNREACHABLE_CODE = YES;
				CLANG_WARN__DUPLICATE_METHOD_MATCH = YES;
				CODE_SIGN_IDENTITY = "-";
				COPY_PHASE_STRIP = NO;
				DEBUG_INFORMATION_FORMAT = dwarf;
				ENABLE_STRICT_OBJC_MSGSEND = YES;
				ENABLE_TESTABILITY = YES;
				GCC_C_LANGUAGE_STANDARD = gnu99;
				GCC_DYNAMIC_NO_PIC = NO;
				GCC_NO_COMMON_BLOCKS = YES;
				GCC_OPTIMIZATION_LEVEL = 0;
				GCC_PREPROCESSOR_DEFINITIONS = (
					"DEBUG=1",
					"$(inherited)",
				);
				GCC_WARN_64_TO_32_BIT_CONVERSION = YES;
				GCC_WARN_ABOUT_RETURN_TYPE = YES_ERROR;
				GCC_WARN_UNDECLARED_SELECTOR = YES;
				GCC_WARN_UNINITIALIZED_AUTOS = YES_AGGRESSIVE;
				GCC_WARN_UNUSED_FUNCTION = YES;
				GCC_WARN_UNUSED_VARIABLE = YES;
				MACOSX_DEPLOYMENT_TARGET = 10.11;
				MTL_ENABLE_DEBUG_INFO = YES;
				ONLY_ACTIVE_ARCH = YES;
				SDKROOT = macosx;
			};
			name = Debug;
		};
		41559AAA1C056D6400648F2C /* Release */ = {
			isa = XCBuildConfiguration;
			buildSettings = {
				ALWAYS_SEARCH_USER_PATHS = NO;
				CLANG_CXX_LANGUAGE_STANDARD = "gnu++0x";
				CLANG_CXX_LIBRARY = "libc++";
				CLANG_ENABLE_MODULES = YES;
				CLANG_ENABLE_OBJC_ARC = YES;
				CLANG_WARN_BOOL_CONVERSION = YES;
				CLANG_WARN_CONSTANT_CONVERSION = YES;
				CLANG_WARN_DIRECT_OBJC_ISA_USAGE = YES_ERROR;
				CLANG_WARN_EMPTY_BODY = YES;
				CLANG_WARN_ENUM_CONVERSION = YES;
				CLANG_WARN_INT_CONVERSION = YES;
				CLANG_WARN_OBJC_ROOT_CLASS = YES_ERROR;
				CLANG_WARN_UNREACHABLE_CODE = YES;
				CLANG_WARN__DUPLICATE_METHOD_MATCH = YES;
				CODE_SIGN_IDENTITY = "-";
				COPY_PHASE_STRIP = NO;
				DEBUG_INFORMATION_FORMAT = "dwarf-with-dsym";
				ENABLE_NS_ASSERTIONS = NO;
				ENABLE_STRICT_OBJC_MSGSEND = YES;
				GCC_C_LANGUAGE_STANDARD = gnu99;
				GCC_NO_COMMON_BLOCKS = YES;
				GCC_WARN_64_TO_32_BIT_CONVERSION = YES;
				GCC_WARN_ABOUT_RETURN_TYPE = YES_ERROR;
				GCC_WARN_UNDECLARED_SELECTOR = YES;
				GCC_WARN_UNINITIALIZED_AUTOS = YES_AGGRESSIVE;
				GCC_WARN_UNUSED_FUNCTION = YES;
				GCC_WARN_UNUSED_VARIABLE = YES;
				MACOSX_DEPLOYMENT_TARGET = 10.11;
				MTL_ENABLE_DEBUG_INFO = NO;
				SDKROOT = macosx;
			};
			name = Release;
		};
		41559AAC1C056D6400648F2C /* Debug */ = {
			isa = XCBuildConfiguration;
			buildSettings = {
				COMBINE_HIDPI_IMAGES = YES;
				FRAMEWORK_SEARCH_PATHS = (
					"$(inherited)",
					"$(LOCAL_LIBRARY_DIR)/Frameworks",
				);
				HEADER_SEARCH_PATHS = /usr/local/include;
				"HEADER_SEARCH_PATHS[arch=*]" = /usr/local/include;
				INFOPLIST_FILE = "";
				LD_RUNPATH_SEARCH_PATHS = "$(inherited) @executable_path/../Frameworks";
				LIBRARY_SEARCH_PATHS = (
					"$(inherited)",
					/usr/local/Cellar/glfw3/3.1.2/lib,
					/usr/local/Cellar/libsoil/1.07/lib,
					/usr/local/Cellar/assimp/3.1.1/lib,
					/usr/local/Cellar/glew/1.13.0/lib,
				);
				PRODUCT_BUNDLE_IDENTIFIER = con.SUTeam.TankBattle;
				PRODUCT_NAME = "$(TARGET_NAME)";
			};
			name = Debug;
		};
		41559AAD1C056D6400648F2C /* Release */ = {
			isa = XCBuildConfiguration;
			buildSettings = {
				COMBINE_HIDPI_IMAGES = YES;
				FRAMEWORK_SEARCH_PATHS = (
					"$(inherited)",
					"$(LOCAL_LIBRARY_DIR)/Frameworks",
				);
				INFOPLIST_FILE = "";
				LD_RUNPATH_SEARCH_PATHS = "$(inherited) @executable_path/../Frameworks";
				LIBRARY_SEARCH_PATHS = (
					"$(inherited)",
					/usr/local/Cellar/glfw3/3.1.2/lib,
					/usr/local/Cellar/libsoil/1.07/lib,
					/usr/local/Cellar/assimp/3.1.1/lib,
					/usr/local/Cellar/glew/1.13.0/lib,
				);
				PRODUCT_BUNDLE_IDENTIFIER = con.SUTeam.TankBattle;
				PRODUCT_NAME = "$(TARGET_NAME)";
			};
			name = Release;
		};
/* End XCBuildConfiguration section */

/* Begin XCConfigurationList section */
		41559A951C056D6400648F2C /* Build configuration list for PBXProject "TankBattle" */ = {
			isa = XCConfigurationList;
			buildConfigurations = (
				41559AA91C056D6400648F2C /* Debug */,
				41559AAA1C056D6400648F2C /* Release */,
			);
			defaultConfigurationIsVisible = 0;
			defaultConfigurationName = Release;
		};
		41559AAB1C056D6400648F2C /* Build configuration list for PBXNativeTarget "TankBattle" */ = {
			isa = XCConfigurationList;
			buildConfigurations = (
				41559AAC1C056D6400648F2C /* Debug */,
				41559AAD1C056D6400648F2C /* Release */,
			);
			defaultConfigurationIsVisible = 0;
			defaultConfigurationName = Release;
		};
/* End XCConfigurationList section */
	};
	rootObject = 41559A921C056D6400648F2C /* Project object */;
}
